// !$*UTF8*$!
{
	archiveVersion = 1;
	classes = {
	};
	objectVersion = 46;
	objects = {

/* Begin PBXBuildFile section */
		518CC5C21E398D69002B3661 /* AppDelegate.swift in Sources */ = {isa = PBXBuildFile; fileRef = 518CC5C11E398D69002B3661 /* AppDelegate.swift */; };
		518CC5C71E398D69002B3661 /* Main.storyboard in Resources */ = {isa = PBXBuildFile; fileRef = 518CC5C51E398D69002B3661 /* Main.storyboard */; };
		518CC5C91E398D69002B3661 /* Assets.xcassets in Resources */ = {isa = PBXBuildFile; fileRef = 518CC5C81E398D69002B3661 /* Assets.xcassets */; };
		518CC5CC1E398D69002B3661 /* LaunchScreen.storyboard in Resources */ = {isa = PBXBuildFile; fileRef = 518CC5CA1E398D69002B3661 /* LaunchScreen.storyboard */; };
		518CC5D71E398D69002B3661 /* Tutorial_NSCacheTests.swift in Sources */ = {isa = PBXBuildFile; fileRef = 518CC5D61E398D69002B3661 /* Tutorial_NSCacheTests.swift */; };
		518CC5E21E398D69002B3661 /* Tutorial_NSCacheUITests.swift in Sources */ = {isa = PBXBuildFile; fileRef = 518CC5E11E398D69002B3661 /* Tutorial_NSCacheUITests.swift */; };
		518CC5F01E398DDE002B3661 /* Item.swift in Sources */ = {isa = PBXBuildFile; fileRef = 518CC5EF1E398DDE002B3661 /* Item.swift */; };
		518CC5F21E3ABBD8002B3661 /* TableViewController.swift in Sources */ = {isa = PBXBuildFile; fileRef = 518CC5F11E3ABBD8002B3661 /* TableViewController.swift */; };
		518CC5F41E3ABD33002B3661 /* TableViewCell.swift in Sources */ = {isa = PBXBuildFile; fileRef = 518CC5F31E3ABD33002B3661 /* TableViewCell.swift */; };
/* End PBXBuildFile section */

/* Begin PBXContainerItemProxy section */
		518CC5D31E398D69002B3661 /* PBXContainerItemProxy */ = {
			isa = PBXContainerItemProxy;
			containerPortal = 518CC5B61E398D69002B3661 /* Project object */;
			proxyType = 1;
			remoteGlobalIDString = 518CC5BD1E398D69002B3661;
			remoteInfo = "Tutorial-NSCache";
		};
		518CC5DE1E398D69002B3661 /* PBXContainerItemProxy */ = {
			isa = PBXContainerItemProxy;
			containerPortal = 518CC5B61E398D69002B3661 /* Project object */;
			proxyType = 1;
			remoteGlobalIDString = 518CC5BD1E398D69002B3661;
			remoteInfo = "Tutorial-NSCache";
		};
/* End PBXContainerItemProxy section */

/* Begin PBXFileReference section */
		518CC5BE1E398D69002B3661 /* Tutorial-NSCache.app */ = {isa = PBXFileReference; explicitFileType = wrapper.application; includeInIndex = 0; path = "Tutorial-NSCache.app"; sourceTree = BUILT_PRODUCTS_DIR; };
		518CC5C11E398D69002B3661 /* AppDelegate.swift */ = {isa = PBXFileReference; lastKnownFileType = sourcecode.swift; path = AppDelegate.swift; sourceTree = "<group>"; };
		518CC5C61E398D69002B3661 /* Base */ = {isa = PBXFileReference; lastKnownFileType = file.storyboard; name = Base; path = Base.lproj/Main.storyboard; sourceTree = "<group>"; };
		518CC5C81E398D69002B3661 /* Assets.xcassets */ = {isa = PBXFileReference; lastKnownFileType = folder.assetcatalog; path = Assets.xcassets; sourceTree = "<group>"; };
		518CC5CB1E398D69002B3661 /* Base */ = {isa = PBXFileReference; lastKnownFileType = file.storyboard; name = Base; path = Base.lproj/LaunchScreen.storyboard; sourceTree = "<group>"; };
		518CC5CD1E398D69002B3661 /* Info.plist */ = {isa = PBXFileReference; lastKnownFileType = text.plist.xml; path = Info.plist; sourceTree = "<group>"; };
		518CC5D21E398D69002B3661 /* Tutorial-NSCacheTests.xctest */ = {isa = PBXFileReference; explicitFileType = wrapper.cfbundle; includeInIndex = 0; path = "Tutorial-NSCacheTests.xctest"; sourceTree = BUILT_PRODUCTS_DIR; };
		518CC5D61E398D69002B3661 /* Tutorial_NSCacheTests.swift */ = {isa = PBXFileReference; lastKnownFileType = sourcecode.swift; path = Tutorial_NSCacheTests.swift; sourceTree = "<group>"; };
		518CC5D81E398D69002B3661 /* Info.plist */ = {isa = PBXFileReference; lastKnownFileType = text.plist.xml; path = Info.plist; sourceTree = "<group>"; };
		518CC5DD1E398D69002B3661 /* Tutorial-NSCacheUITests.xctest */ = {isa = PBXFileReference; explicitFileType = wrapper.cfbundle; includeInIndex = 0; path = "Tutorial-NSCacheUITests.xctest"; sourceTree = BUILT_PRODUCTS_DIR; };
		518CC5E11E398D69002B3661 /* Tutorial_NSCacheUITests.swift */ = {isa = PBXFileReference; lastKnownFileType = sourcecode.swift; path = Tutorial_NSCacheUITests.swift; sourceTree = "<group>"; };
		518CC5E31E398D69002B3661 /* Info.plist */ = {isa = PBXFileReference; lastKnownFileType = text.plist.xml; path = Info.plist; sourceTree = "<group>"; };
		518CC5EF1E398DDE002B3661 /* Item.swift */ = {isa = PBXFileReference; fileEncoding = 4; lastKnownFileType = sourcecode.swift; path = Item.swift; sourceTree = "<group>"; };
		518CC5F11E3ABBD8002B3661 /* TableViewController.swift */ = {isa = PBXFileReference; fileEncoding = 4; lastKnownFileType = sourcecode.swift; path = TableViewController.swift; sourceTree = "<group>"; };
		518CC5F31E3ABD33002B3661 /* TableViewCell.swift */ = {isa = PBXFileReference; fileEncoding = 4; lastKnownFileType = sourcecode.swift; path = TableViewCell.swift; sourceTree = "<group>"; };
/* End PBXFileReference section */

/* Begin PBXFrameworksBuildPhase section */
		518CC5BB1E398D69002B3661 /* Frameworks */ = {
			isa = PBXFrameworksBuildPhase;
			buildActionMask = 2147483647;
			files = (
			);
			runOnlyForDeploymentPostprocessing = 0;
		};
		518CC5CF1E398D69002B3661 /* Frameworks */ = {
			isa = PBXFrameworksBuildPhase;
			buildActionMask = 2147483647;
			files = (
			);
			runOnlyForDeploymentPostprocessing = 0;
		};
		518CC5DA1E398D69002B3661 /* Frameworks */ = {
			isa = PBXFrameworksBuildPhase;
			buildActionMask = 2147483647;
			files = (
			);
			runOnlyForDeploymentPostprocessing = 0;
		};
/* End PBXFrameworksBuildPhase section */

/* Begin PBXGroup section */
		518CC5B51E398D69002B3661 = {
			isa = PBXGroup;
			children = (
				518CC5C01E398D69002B3661 /* Tutorial-NSCache */,
				518CC5D51E398D69002B3661 /* Tutorial-NSCacheTests */,
				518CC5E01E398D69002B3661 /* Tutorial-NSCacheUITests */,
				518CC5BF1E398D69002B3661 /* Products */,
			);
			sourceTree = "<group>";
		};
		518CC5BF1E398D69002B3661 /* Products */ = {
			isa = PBXGroup;
			children = (
				518CC5BE1E398D69002B3661 /* Tutorial-NSCache.app */,
				518CC5D21E398D69002B3661 /* Tutorial-NSCacheTests.xctest */,
				518CC5DD1E398D69002B3661 /* Tutorial-NSCacheUITests.xctest */,
			);
			name = Products;
			sourceTree = "<group>";
		};
		518CC5C01E398D69002B3661 /* Tutorial-NSCache */ = {
			isa = PBXGroup;
			children = (
				518CC5C11E398D69002B3661 /* AppDelegate.swift */,
				518CC5EF1E398DDE002B3661 /* Item.swift */,
				518CC5C51E398D69002B3661 /* Main.storyboard */,
				518CC5F11E3ABBD8002B3661 /* TableViewController.swift */,
				518CC5F31E3ABD33002B3661 /* TableViewCell.swift */,
				518CC5C81E398D69002B3661 /* Assets.xcassets */,
				518CC5CA1E398D69002B3661 /* LaunchScreen.storyboard */,
				518CC5CD1E398D69002B3661 /* Info.plist */,
			);
			path = "Tutorial-NSCache";
			sourceTree = "<group>";
		};
		518CC5D51E398D69002B3661 /* Tutorial-NSCacheTests */ = {
			isa = PBXGroup;
			children = (
				518CC5D61E398D69002B3661 /* Tutorial_NSCacheTests.swift */,
				518CC5D81E398D69002B3661 /* Info.plist */,
			);
			path = "Tutorial-NSCacheTests";
			sourceTree = "<group>";
		};
		518CC5E01E398D69002B3661 /* Tutorial-NSCacheUITests */ = {
			isa = PBXGroup;
			children = (
				518CC5E11E398D69002B3661 /* Tutorial_NSCacheUITests.swift */,
				518CC5E31E398D69002B3661 /* Info.plist */,
			);
			path = "Tutorial-NSCacheUITests";
			sourceTree = "<group>";
		};
/* End PBXGroup section */

/* Begin PBXNativeTarget section */
		518CC5BD1E398D69002B3661 /* Tutorial-NSCache */ = {
			isa = PBXNativeTarget;
			buildConfigurationList = 518CC5E61E398D69002B3661 /* Build configuration list for PBXNativeTarget "Tutorial-NSCache" */;
			buildPhases = (
				518CC5BA1E398D69002B3661 /* Sources */,
				518CC5BB1E398D69002B3661 /* Frameworks */,
				518CC5BC1E398D69002B3661 /* Resources */,
			);
			buildRules = (
			);
			dependencies = (
			);
			name = "Tutorial-NSCache";
			productName = "Tutorial-NSCache";
			productReference = 518CC5BE1E398D69002B3661 /* Tutorial-NSCache.app */;
			productType = "com.apple.product-type.application";
		};
		518CC5D11E398D69002B3661 /* Tutorial-NSCacheTests */ = {
			isa = PBXNativeTarget;
			buildConfigurationList = 518CC5E91E398D69002B3661 /* Build configuration list for PBXNativeTarget "Tutorial-NSCacheTests" */;
			buildPhases = (
				518CC5CE1E398D69002B3661 /* Sources */,
				518CC5CF1E398D69002B3661 /* Frameworks */,
				518CC5D01E398D69002B3661 /* Resources */,
			);
			buildRules = (
			);
			dependencies = (
				518CC5D41E398D69002B3661 /* PBXTargetDependency */,
			);
			name = "Tutorial-NSCacheTests";
			productName = "Tutorial-NSCacheTests";
			productReference = 518CC5D21E398D69002B3661 /* Tutorial-NSCacheTests.xctest */;
			productType = "com.apple.product-type.bundle.unit-test";
		};
		518CC5DC1E398D69002B3661 /* Tutorial-NSCacheUITests */ = {
			isa = PBXNativeTarget;
			buildConfigurationList = 518CC5EC1E398D69002B3661 /* Build configuration list for PBXNativeTarget "Tutorial-NSCacheUITests" */;
			buildPhases = (
				518CC5D91E398D69002B3661 /* Sources */,
				518CC5DA1E398D69002B3661 /* Frameworks */,
				518CC5DB1E398D69002B3661 /* Resources */,
			);
			buildRules = (
			);
			dependencies = (
				518CC5DF1E398D69002B3661 /* PBXTargetDependency */,
			);
			name = "Tutorial-NSCacheUITests";
			productName = "Tutorial-NSCacheUITests";
			productReference = 518CC5DD1E398D69002B3661 /* Tutorial-NSCacheUITests.xctest */;
			productType = "com.apple.product-type.bundle.ui-testing";
		};
/* End PBXNativeTarget section */

/* Begin PBXProject section */
		518CC5B61E398D69002B3661 /* Project object */ = {
			isa = PBXProject;
			attributes = {
				LastSwiftUpdateCheck = 0820;
				LastUpgradeCheck = 0820;
				ORGANIZATIONNAME = "Dillon Fernando";
				TargetAttributes = {
					518CC5BD1E398D69002B3661 = {
						CreatedOnToolsVersion = 8.2.1;
						DevelopmentTeam = E8LNDNC6VE;
						ProvisioningStyle = Automatic;
					};
					518CC5D11E398D69002B3661 = {
						CreatedOnToolsVersion = 8.2.1;
						DevelopmentTeam = E8LNDNC6VE;
						ProvisioningStyle = Automatic;
						TestTargetID = 518CC5BD1E398D69002B3661;
					};
					518CC5DC1E398D69002B3661 = {
						CreatedOnToolsVersion = 8.2.1;
						DevelopmentTeam = E8LNDNC6VE;
						ProvisioningStyle = Automatic;
						TestTargetID = 518CC5BD1E398D69002B3661;
					};
				};
			};
			buildConfigurationList = 518CC5B91E398D69002B3661 /* Build configuration list for PBXProject "Tutorial-NSCache" */;
			compatibilityVersion = "Xcode 3.2";
			developmentRegion = English;
			hasScannedForEncodings = 0;
			knownRegions = (
				en,
				Base,
			);
			mainGroup = 518CC5B51E398D69002B3661;
			productRefGroup = 518CC5BF1E398D69002B3661 /* Products */;
			projectDirPath = "";
			projectRoot = "";
			targets = (
				518CC5BD1E398D69002B3661 /* Tutorial-NSCache */,
				518CC5D11E398D69002B3661 /* Tutorial-NSCacheTests */,
				518CC5DC1E398D69002B3661 /* Tutorial-NSCacheUITests */,
			);
		};
/* End PBXProject section */

/* Begin PBXResourcesBuildPhase section */
		518CC5BC1E398D69002B3661 /* Resources */ = {
			isa = PBXResourcesBuildPhase;
			buildActionMask = 2147483647;
			files = (
				518CC5CC1E398D69002B3661 /* LaunchScreen.storyboard in Resources */,
				518CC5C91E398D69002B3661 /* Assets.xcassets in Resources */,
				518CC5C71E398D69002B3661 /* Main.storyboard in Resources */,
			);
			runOnlyForDeploymentPostprocessing = 0;
		};
		518CC5D01E398D69002B3661 /* Resources */ = {
			isa = PBXResourcesBuildPhase;
			buildActionMask = 2147483647;
			files = (
			);
			runOnlyForDeploymentPostprocessing = 0;
		};
		518CC5DB1E398D69002B3661 /* Resources */ = {
			isa = PBXResourcesBuildPhase;
			buildActionMask = 2147483647;
			files = (
			);
			runOnlyForDeploymentPostprocessing = 0;
		};
/* End PBXResourcesBuildPhase section */

/* Begin PBXSourcesBuildPhase section */
		518CC5BA1E398D69002B3661 /* Sources */ = {
			isa = PBXSourcesBuildPhase;
			buildActionMask = 2147483647;
			files = (
				518CC5F01E398DDE002B3661 /* Item.swift in Sources */,
				518CC5F41E3ABD33002B3661 /* TableViewCell.swift in Sources */,
				518CC5C21E398D69002B3661 /* AppDelegate.swift in Sources */,
				518CC5F21E3ABBD8002B3661 /* TableViewController.swift in Sources */,
			);
			runOnlyForDeploymentPostprocessing = 0;
		};
		518CC5CE1E398D69002B3661 /* Sources */ = {
			isa = PBXSourcesBuildPhase;
			buildActionMask = 2147483647;
			files = (
				518CC5D71E398D69002B3661 /* Tutorial_NSCacheTests.swift in Sources */,
			);
			runOnlyForDeploymentPostprocessing = 0;
		};
		518CC5D91E398D69002B3661 /* Sources */ = {
			isa = PBXSourcesBuildPhase;
			buildActionMask = 2147483647;
			files = (
				518CC5E21E398D69002B3661 /* Tutorial_NSCacheUITests.swift in Sources */,
			);
			runOnlyForDeploymentPostprocessing = 0;
		};
/* End PBXSourcesBuildPhase section */

/* Begin PBXTargetDependency section */
		518CC5D41E398D69002B3661 /* PBXTargetDependency */ = {
			isa = PBXTargetDependency;
			target = 518CC5BD1E398D69002B3661 /* Tutorial-NSCache */;
			targetProxy = 518CC5D31E398D69002B3661 /* PBXContainerItemProxy */;
		};
		518CC5DF1E398D69002B3661 /* PBXTargetDependency */ = {
			isa = PBXTargetDependency;
			target = 518CC5BD1E398D69002B3661 /* Tutorial-NSCache */;
			targetProxy = 518CC5DE1E398D69002B3661 /* PBXContainerItemProxy */;
		};
/* End PBXTargetDependency section */

/* Begin PBXVariantGroup section */
		518CC5C51E398D69002B3661 /* Main.storyboard */ = {
			isa = PBXVariantGroup;
			children = (
				518CC5C61E398D69002B3661 /* Base */,
			);
			name = Main.storyboard;
			sourceTree = "<group>";
		};
		518CC5CA1E398D69002B3661 /* LaunchScreen.storyboard */ = {
			isa = PBXVariantGroup;
			children = (
				518CC5CB1E398D69002B3661 /* Base */,
			);
			name = LaunchScreen.storyboard;
			sourceTree = "<group>";
		};
/* End PBXVariantGroup section */

/* Begin XCBuildConfiguration section */
		518CC5E41E398D69002B3661 /* Debug */ = {
			isa = XCBuildConfiguration;
			buildSettings = {
				ALWAYS_SEARCH_USER_PATHS = NO;
				CLANG_ANALYZER_NONNULL = YES;
				CLANG_CXX_LANGUAGE_STANDARD = "gnu++0x";
				CLANG_CXX_LIBRARY = "libc++";
				CLANG_ENABLE_MODULES = YES;
				CLANG_ENABLE_OBJC_ARC = YES;
				CLANG_WARN_BOOL_CONVERSION = YES;
				CLANG_WARN_CONSTANT_CONVERSION = YES;
				CLANG_WARN_DIRECT_OBJC_ISA_USAGE = YES_ERROR;
				CLANG_WARN_DOCUMENTATION_COMMENTS = YES;
				CLANG_WARN_EMPTY_BODY = YES;
				CLANG_WARN_ENUM_CONVERSION = YES;
				CLANG_WARN_INFINITE_RECURSION = YES;
				CLANG_WARN_INT_CONVERSION = YES;
				CLANG_WARN_OBJC_ROOT_CLASS = YES_ERROR;
				CLANG_WARN_SUSPICIOUS_MOVE = YES;
				CLANG_WARN_UNREACHABLE_CODE = YES;
				CLANG_WARN__DUPLICATE_METHOD_MATCH = YES;
				"CODE_SIGN_IDENTITY[sdk=iphoneos*]" = "iPhone Developer";
				COPY_PHASE_STRIP = NO;
				DEBUG_INFORMATION_FORMAT = dwarf;
				ENABLE_STRICT_OBJC_MSGSEND = YES;
				ENABLE_TESTABILITY = YES;
				GCC_C_LANGUAGE_STANDARD = gnu99;
				GCC_DYNAMIC_NO_PIC = NO;
				GCC_NO_COMMON_BLOCKS = YES;
				GCC_OPTIMIZATION_LEVEL = 0;
				GCC_PREPROCESSOR_DEFINITIONS = (
					"DEBUG=1",
					"$(inherited)",
				);
				GCC_WARN_64_TO_32_BIT_CONVERSION = YES;
				GCC_WARN_ABOUT_RETURN_TYPE = YES_ERROR;
				GCC_WARN_UNDECLARED_SELECTOR = YES;
				GCC_WARN_UNINITIALIZED_AUTOS = YES_AGGRESSIVE;
				GCC_WARN_UNUSED_FUNCTION = YES;
				GCC_WARN_UNUSED_VARIABLE = YES;
				IPHONEOS_DEPLOYMENT_TARGET = 10.2;
				MTL_ENABLE_DEBUG_INFO = YES;
				ONLY_ACTIVE_ARCH = YES;
				SDKROOT = iphoneos;
				SWIFT_ACTIVE_COMPILATION_CONDITIONS = DEBUG;
				SWIFT_OPTIMIZATION_LEVEL = "-Onone";
			};
			name = Debug;
		};
		518CC5E51E398D69002B3661 /* Release */ = {
			isa = XCBuildConfiguration;
			buildSettings = {
				ALWAYS_SEARCH_USER_PATHS = NO;
				CLANG_ANALYZER_NONNULL = YES;
				CLANG_CXX_LANGUAGE_STANDARD = "gnu++0x";
				CLANG_CXX_LIBRARY = "libc++";
				CLANG_ENABLE_MODULES = YES;
				CLANG_ENABLE_OBJC_ARC = YES;
				CLANG_WARN_BOOL_CONVERSION = YES;
				CLANG_WARN_CONSTANT_CONVERSION = YES;
				CLANG_WARN_DIRECT_OBJC_ISA_USAGE = YES_ERROR;
				CLANG_WARN_DOCUMENTATION_COMMENTS = YES;
				CLANG_WARN_EMPTY_BODY = YES;
				CLANG_WARN_ENUM_CONVERSION = YES;
				CLANG_WARN_INFINITE_RECURSION = YES;
				CLANG_WARN_INT_CONVERSION = YES;
				CLANG_WARN_OBJC_ROOT_CLASS = YES_ERROR;
				CLANG_WARN_SUSPICIOUS_MOVE = YES;
				CLANG_WARN_UNREACHABLE_CODE = YES;
				CLANG_WARN__DUPLICATE_METHOD_MATCH = YES;
				"CODE_SIGN_IDENTITY[sdk=iphoneos*]" = "iPhone Developer";
				COPY_PHASE_STRIP = NO;
				DEBUG_INFORMATION_FORMAT = "dwarf-with-dsym";
				ENABLE_NS_ASSERTIONS = NO;
				ENABLE_STRICT_OBJC_MSGSEND = YES;
				GCC_C_LANGUAGE_STANDARD = gnu99;
				GCC_NO_COMMON_BLOCKS = YES;
				GCC_WARN_64_TO_32_BIT_CONVERSION = YES;
				GCC_WARN_ABOUT_RETURN_TYPE = YES_ERROR;
				GCC_WARN_UNDECLARED_SELECTOR = YES;
				GCC_WARN_UNINITIALIZED_AUTOS = YES_AGGRESSIVE;
				GCC_WARN_UNUSED_FUNCTION = YES;
				GCC_WARN_UNUSED_VARIABLE = YES;
				IPHONEOS_DEPLOYMENT_TARGET = 10.2;
				MTL_ENABLE_DEBUG_INFO = NO;
				SDKROOT = iphoneos;
				SWIFT_OPTIMIZATION_LEVEL = "-Owholemodule";
				VALIDATE_PRODUCT = YES;
			};
			name = Release;
		};
		518CC5E71E398D69002B3661 /* Debug */ = {
			isa = XCBuildConfiguration;
			buildSettings = {
				ASSETCATALOG_COMPILER_APPICON_NAME = AppIcon;
				DEVELOPMENT_TEAM = E8LNDNC6VE;
				INFOPLIST_FILE = "Tutorial-NSCache/Info.plist";
				LD_RUNPATH_SEARCH_PATHS = "$(inherited) @executable_path/Frameworks";
				PRODUCT_BUNDLE_IDENTIFIER = "com.Dillon.Tutorial-NSCache";
				PRODUCT_NAME = "$(TARGET_NAME)";
				SWIFT_VERSION = 3.0;
			};
			name = Debug;
		};
		518CC5E81E398D69002B3661 /* Release */ = {
			isa = XCBuildConfiguration;
			buildSettings = {
				ASSETCATALOG_COMPILER_APPICON_NAME = AppIcon;
				DEVELOPMENT_TEAM = E8LNDNC6VE;
				INFOPLIST_FILE = "Tutorial-NSCache/Info.plist";
				LD_RUNPATH_SEARCH_PATHS = "$(inherited) @executable_path/Frameworks";
				PRODUCT_BUNDLE_IDENTIFIER = "com.Dillon.Tutorial-NSCache";
				PRODUCT_NAME = "$(TARGET_NAME)";
				SWIFT_VERSION = 3.0;
			};
			name = Release;
		};
		518CC5EA1E398D69002B3661 /* Debug */ = {
			isa = XCBuildConfiguration;
			buildSettings = {
				ALWAYS_EMBED_SWIFT_STANDARD_LIBRARIES = YES;
				BUNDLE_LOADER = "$(TEST_HOST)";
				DEVELOPMENT_TEAM = E8LNDNC6VE;
				INFOPLIST_FILE = "Tutorial-NSCacheTests/Info.plist";
				LD_RUNPATH_SEARCH_PATHS = "$(inherited) @executable_path/Frameworks @loader_path/Frameworks";
				PRODUCT_BUNDLE_IDENTIFIER = "com.Dillon.Tutorial-NSCacheTests";
				PRODUCT_NAME = "$(TARGET_NAME)";
				SWIFT_VERSION = 3.0;
				TEST_HOST = "$(BUILT_PRODUCTS_DIR)/Tutorial-NSCache.app/Tutorial-NSCache";
			};
			name = Debug;
		};
		518CC5EB1E398D69002B3661 /* Release */ = {
			isa = XCBuildConfiguration;
			buildSettings = {
				ALWAYS_EMBED_SWIFT_STANDARD_LIBRARIES = YES;
				BUNDLE_LOADER = "$(TEST_HOST)";
				DEVELOPMENT_TEAM = E8LNDNC6VE;
				INFOPLIST_FILE = "Tutorial-NSCacheTests/Info.plist";
				LD_RUNPATH_SEARCH_PATHS = "$(inherited) @executable_path/Frameworks @loader_path/Frameworks";
				PRODUCT_BUNDLE_IDENTIFIER = "com.Dillon.Tutorial-NSCacheTests";
				PRODUCT_NAME = "$(TARGET_NAME)";
				SWIFT_VERSION = 3.0;
				TEST_HOST = "$(BUILT_PRODUCTS_DIR)/Tutorial-NSCache.app/Tutorial-NSCache";
			};
			name = Release;
		};
		518CC5ED1E398D69002B3661 /* Debug */ = {
			isa = XCBuildConfiguration;
			buildSettings = {
				ALWAYS_EMBED_SWIFT_STANDARD_LIBRARIES = YES;
				DEVELOPMENT_TEAM = E8LNDNC6VE;
				INFOPLIST_FILE = "Tutorial-NSCacheUITests/Info.plist";
				LD_RUNPATH_SEARCH_PATHS = "$(inherited) @executable_path/Frameworks @loader_path/Frameworks";
				PRODUCT_BUNDLE_IDENTIFIER = "com.Dillon.Tutorial-NSCacheUITests";
				PRODUCT_NAME = "$(TARGET_NAME)";
				SWIFT_VERSION = 3.0;
				TEST_TARGET_NAME = "Tutorial-NSCache";
			};
			name = Debug;
		};
		518CC5EE1E398D69002B3661 /* Release */ = {
			isa = XCBuildConfiguration;
			buildSettings = {
				ALWAYS_EMBED_SWIFT_STANDARD_LIBRARIES = YES;
				DEVELOPMENT_TEAM = E8LNDNC6VE;
				INFOPLIST_FILE = "Tutorial-NSCacheUITests/Info.plist";
				LD_RUNPATH_SEARCH_PATHS = "$(inherited) @executable_path/Frameworks @loader_path/Frameworks";
				PRODUCT_BUNDLE_IDENTIFIER = "com.Dillon.Tutorial-NSCacheUITests";
				PRODUCT_NAME = "$(TARGET_NAME)";
				SWIFT_VERSION = 3.0;
				TEST_TARGET_NAME = "Tutorial-NSCache";
			};
			name = Release;
		};
/* End XCBuildConfiguration section */

/* Begin XCConfigurationList section */
		518CC5B91E398D69002B3661 /* Build configuration list for PBXProject "Tutorial-NSCache" */ = {
			isa = XCConfigurationList;
			buildConfigurations = (
				518CC5E41E398D69002B3661 /* Debug */,
				518CC5E51E398D69002B3661 /* Release */,
			);
			defaultConfigurationIsVisible = 0;
			defaultConfigurationName = Release;
		};
		518CC5E61E398D69002B3661 /* Build configuration list for PBXNativeTarget "Tutorial-NSCache" */ = {
			isa = XCConfigurationList;
			buildConfigurations = (
				518CC5E71E398D69002B3661 /* Debug */,
				518CC5E81E398D69002B3661 /* Release */,
			);
			defaultConfigurationIsVisible = 0;
		};
		518CC5E91E398D69002B3661 /* Build configuration list for PBXNativeTarget "Tutorial-NSCacheTests" */ = {
			isa = XCConfigurationList;
			buildConfigurations = (
				518CC5EA1E398D69002B3661 /* Debug */,
				518CC5EB1E398D69002B3661 /* Release */,
			);
			defaultConfigurationIsVisible = 0;
		};
		518CC5EC1E398D69002B3661 /* Build configuration list for PBXNativeTarget "Tutorial-NSCacheUITests" */ = {
			isa = XCConfigurationList;
			buildConfigurations = (
				518CC5ED1E398D69002B3661 /* Debug */,
				518CC5EE1E398D69002B3661 /* Release */,
			);
			defaultConfigurationIsVisible = 0;
		};
/* End XCConfigurationList section */
	};
	rootObject = 518CC5B61E398D69002B3661 /* Project object */;
}
